
Microsoft Visual Studio Solution File, Format Version 12.00
# Visual Studio Version 17
VisualStudioVersion = 17.3.32819.101
MinimumVisualStudioVersion = 10.0.40219.1
Project("{9A19103F-16F7-4668-BE54-9A1E7A4F7556}") = "Lab5", "Lab5\Lab5.csproj", "{F81AAA6B-4328-48AE-A6CE-1D8F5A4C362E}"
EndProject
Project("{2150E333-8FDC-42A3-9474-1A3956D46DE8}") = "Элементы решения", "Элементы решения", "{4F6FF9D3-1FE3-4819-BD3C-BA2C80F5A7E3}"
EndProject
Global
	GlobalSection(SolutionConfigurationPlatforms) = preSolution
		Debug|Any CPU = Debug|Any CPU
		Release|Any CPU = Release|Any CPU
	EndGlobalSection
	GlobalSection(ProjectConfigurationPlatforms) = postSolution
		{F81AAA6B-4328-48AE-A6CE-1D8F5A4C362E}.Debug|Any CPU.ActiveCfg = Debug|Any CPU
		{F81AAA6B-4328-48AE-A6CE-1D8F5A4C362E}.Debug|Any CPU.Build.0 = Debug|Any CPU
		{F81AAA6B-4328-48AE-A6CE-1D8F5A4C362E}.Release|Any CPU.ActiveCfg = Release|Any CPU
		{F81AAA6B-4328-48AE-A6CE-1D8F5A4C362E}.Release|Any CPU.Build.0 = Release|Any CPU
	EndGlobalSection
	GlobalSection(SolutionProperties) = preSolution
		HideSolutionNode = FALSE
	EndGlobalSection
	GlobalSection(ExtensibilityGlobals) = postSolution
		SolutionGuid = {BD5FD135-F80A-4FD1-8F44-46EEA5E960E1}
	EndGlobalSection
EndGlobal
